
Microsoft Visual Studio Solution File, Format Version 12.00
# Visual Studio 14
VisualStudioVersion = 14.0.25420.1
MinimumVisualStudioVersion = 10.0.40219.1
Project("{FAE04EC0-301F-11D3-BF4B-00C04F79EFBC}") = "Twilio Sms Tutorial", "Twilio Sms Tutorial\Twilio Sms Tutorial.csproj", "{C1161936-5ECA-4143-AA1F-EA3C1B198402}"
EndProject
Global
	GlobalSection(SolutionConfigurationPlatforms) = preSolution
		Debug|Any CPU = Debug|Any CPU
		Release|Any CPU = Release|Any CPU
	EndGlobalSection
	GlobalSection(ProjectConfigurationPlatforms) = postSolution
		{C1161936-5ECA-4143-AA1F-EA3C1B198402}.Debug|Any CPU.ActiveCfg = Debug|Any CPU
		{C1161936-5ECA-4143-AA1F-EA3C1B198402}.Debug|Any CPU.Build.0 = Debug|Any CPU
		{C1161936-5ECA-4143-AA1F-EA3C1B198402}.Release|Any CPU.ActiveCfg = Release|Any CPU
		{C1161936-5ECA-4143-AA1F-EA3C1B198402}.Release|Any CPU.Build.0 = Release|Any CPU
	EndGlobalSection
	GlobalSection(SolutionProperties) = preSolution
		HideSolutionNode = FALSE
	EndGlobalSection
EndGlobal
